Microsoft Visual Studio Solution File, Format Version 11.00
# Visual Studio 2008

Project("{501AB940-1CDA-B5BE-91CE-713CD463E901}") = "TowerPower", "Assembly-CSharp-firstpass.csproj", "{FD4DF5D7-F432-289A-51A9-843ECD3B42D3}"
EndProject
Project("{501AB940-1CDA-B5BE-91CE-713CD463E901}") = "TowerPower", "Assembly-CSharp-Editor.csproj", "{334955F0-C4EB-1A72-85A9-D37943995E5F}"
EndProject
Global
	GlobalSection(SolutionConfigurationPlatforms) = preSolution
		Debug|Any CPU = Debug|Any CPU
		Release|Any CPU = Release|Any CPU
	EndGlobalSection
	GlobalSection(ProjectConfigurationPlatforms) = postSolution
		{FD4DF5D7-F432-289A-51A9-843ECD3B42D3}.Debug|Any CPU.ActiveCfg = Debug|Any CPU
		{FD4DF5D7-F432-289A-51A9-843ECD3B42D3}.Debug|Any CPU.Build.0 = Debug|Any CPU
		{FD4DF5D7-F432-289A-51A9-843ECD3B42D3}.Release|Any CPU.ActiveCfg = Release|Any CPU
		{FD4DF5D7-F432-289A-51A9-843ECD3B42D3}.Release|Any CPU.Build.0 = Release|Any CPU
		{334955F0-C4EB-1A72-85A9-D37943995E5F}.Debug|Any CPU.ActiveCfg = Debug|Any CPU
		{334955F0-C4EB-1A72-85A9-D37943995E5F}.Debug|Any CPU.Build.0 = Debug|Any CPU
		{334955F0-C4EB-1A72-85A9-D37943995E5F}.Release|Any CPU.ActiveCfg = Release|Any CPU
		{334955F0-C4EB-1A72-85A9-D37943995E5F}.Release|Any CPU.Build.0 = Release|Any CPU
	EndGlobalSection
	GlobalSection(SolutionProperties) = preSolution
		HideSolutionNode = FALSE
	EndGlobalSection
	GlobalSection(MonoDevelopProperties) = preSolution
		StartupItem = Assembly-CSharp.csproj
	EndGlobalSection
EndGlobal
