Microsoft Visual Studio Solution File, Format Version 11.00
# Visual Studio 2008

Project("{501AB940-1CDA-B5BE-91CE-713CD463E901}") = "TowerPower", "Assembly-CSharp.csproj", "{02A2E550-76E8-4AEB-8180-F0DD82ABEC7E}"
EndProject
Global
	GlobalSection(SolutionConfigurationPlatforms) = preSolution
		Debug|Any CPU = Debug|Any CPU
		Release|Any CPU = Release|Any CPU
	EndGlobalSection
	GlobalSection(ProjectConfigurationPlatforms) = postSolution
		{02A2E550-76E8-4AEB-8180-F0DD82ABEC7E}.Debug|Any CPU.ActiveCfg = Debug|Any CPU
		{02A2E550-76E8-4AEB-8180-F0DD82ABEC7E}.Debug|Any CPU.Build.0 = Debug|Any CPU
		{02A2E550-76E8-4AEB-8180-F0DD82ABEC7E}.Release|Any CPU.ActiveCfg = Release|Any CPU
		{02A2E550-76E8-4AEB-8180-F0DD82ABEC7E}.Release|Any CPU.Build.0 = Release|Any CPU
	EndGlobalSection
	GlobalSection(SolutionProperties) = preSolution
		HideSolutionNode = FALSE
	EndGlobalSection
	GlobalSection(MonoDevelopProperties) = preSolution
		StartupItem = Assembly-CSharp.csproj
	EndGlobalSection
EndGlobal
